
Microsoft Visual Studio Solution File, Format Version 12.00
Project("{FAE04EC0-301F-11D3-BF4B-00C04F79EFBC}") = "WebAppCC", "WebAppCC\WebAppCC.csproj", "{CE0B294B-3189-42FD-9B2C-C233EF439993}"
EndProject
Global
	GlobalSection(SolutionConfigurationPlatforms) = preSolution
		Debug|Any CPU = Debug|Any CPU
		Release|Any CPU = Release|Any CPU
	EndGlobalSection
	GlobalSection(ProjectConfigurationPlatforms) = postSolution
		{CE0B294B-3189-42FD-9B2C-C233EF439993}.Debug|Any CPU.ActiveCfg = Debug|Any CPU
		{CE0B294B-3189-42FD-9B2C-C233EF439993}.Debug|Any CPU.Build.0 = Debug|Any CPU
		{CE0B294B-3189-42FD-9B2C-C233EF439993}.Release|Any CPU.ActiveCfg = Release|Any CPU
		{CE0B294B-3189-42FD-9B2C-C233EF439993}.Release|Any CPU.Build.0 = Release|Any CPU
	EndGlobalSection
EndGlobal
